
Microsoft Visual Studio Solution File, Format Version 12.00
# Visual Studio Version 17
VisualStudioVersion = 17.0.32014.148
MinimumVisualStudioVersion = 10.0.40219.1
Project("{FAE04EC0-301F-11D3-BF4B-00C04F79EFBC}") = "Assembly-CSharp", "Assembly-CSharp.csproj", "{9C732C29-D104-9320-323A-0C4B1AF8054B}"
EndProject
Global
	GlobalSection(SolutionConfigurationPlatforms) = preSolution
		Debug|Any CPU = Debug|Any CPU
		Release|Any CPU = Release|Any CPU
	EndGlobalSection
	GlobalSection(ProjectConfigurationPlatforms) = postSolution
		{9C732C29-D104-9320-323A-0C4B1AF8054B}.Debug|Any CPU.ActiveCfg = Debug|Any CPU
		{9C732C29-D104-9320-323A-0C4B1AF8054B}.Debug|Any CPU.Build.0 = Debug|Any CPU
		{9C732C29-D104-9320-323A-0C4B1AF8054B}.Release|Any CPU.ActiveCfg = Release|Any CPU
		{9C732C29-D104-9320-323A-0C4B1AF8054B}.Release|Any CPU.Build.0 = Release|Any CPU
	EndGlobalSection
	GlobalSection(SolutionProperties) = preSolution
		HideSolutionNode = FALSE
	EndGlobalSection
	GlobalSection(ExtensibilityGlobals) = postSolution
		SolutionGuid = {773F24F7-AAFA-4B4B-982E-5EF2799C1DB8}
	EndGlobalSection
EndGlobal
